
Microsoft Visual Studio Solution File, Format Version 12.00
# Visual Studio Version 17
VisualStudioVersion = 17.6.33723.286
MinimumVisualStudioVersion = 10.0.40219.1
Project("{FAE04EC0-301F-11D3-BF4B-00C04F79EFBC}") = "DataLib", "DataLib\DataLib.csproj", "{80782310-4520-4621-B61D-8512F1BA3510}"
EndProject
Project("{FAE04EC0-301F-11D3-BF4B-00C04F79EFBC}") = "DataModels", "DataModels\DataModels.csproj", "{9E875408-30A4-4460-ACCD-1FBAFF437B23}"
EndProject
Project("{FAE04EC0-301F-11D3-BF4B-00C04F79EFBC}") = "ClientApp", "ClientApp\ClientApp.csproj", "{329B70FF-1CDC-491E-A99E-EAF5A5B50EA0}"
EndProject
Project("{2150E333-8FDC-42A3-9474-1A3956D46DE8}") = "Solution Items", "Solution Items", "{064BABCA-7080-4DCA-A891-96DC20922EB9}"
	ProjectSection(SolutionItems) = preProject
		pack-data-lib.ps1 = pack-data-lib.ps1
	EndProjectSection
EndProject
Global
	GlobalSection(SolutionConfigurationPlatforms) = preSolution
		Debug|Any CPU = Debug|Any CPU
		Release|Any CPU = Release|Any CPU
	EndGlobalSection
	GlobalSection(ProjectConfigurationPlatforms) = postSolution
		{80782310-4520-4621-B61D-8512F1BA3510}.Debug|Any CPU.ActiveCfg = Debug|Any CPU
		{80782310-4520-4621-B61D-8512F1BA3510}.Debug|Any CPU.Build.0 = Debug|Any CPU
		{80782310-4520-4621-B61D-8512F1BA3510}.Release|Any CPU.ActiveCfg = Release|Any CPU
		{80782310-4520-4621-B61D-8512F1BA3510}.Release|Any CPU.Build.0 = Release|Any CPU
		{9E875408-30A4-4460-ACCD-1FBAFF437B23}.Debug|Any CPU.ActiveCfg = Debug|Any CPU
		{9E875408-30A4-4460-ACCD-1FBAFF437B23}.Debug|Any CPU.Build.0 = Debug|Any CPU
		{9E875408-30A4-4460-ACCD-1FBAFF437B23}.Release|Any CPU.ActiveCfg = Release|Any CPU
		{9E875408-30A4-4460-ACCD-1FBAFF437B23}.Release|Any CPU.Build.0 = Release|Any CPU
		{329B70FF-1CDC-491E-A99E-EAF5A5B50EA0}.Debug|Any CPU.ActiveCfg = Debug|Any CPU
		{329B70FF-1CDC-491E-A99E-EAF5A5B50EA0}.Debug|Any CPU.Build.0 = Debug|Any CPU
		{329B70FF-1CDC-491E-A99E-EAF5A5B50EA0}.Release|Any CPU.ActiveCfg = Release|Any CPU
		{329B70FF-1CDC-491E-A99E-EAF5A5B50EA0}.Release|Any CPU.Build.0 = Release|Any CPU
	EndGlobalSection
	GlobalSection(SolutionProperties) = preSolution
		HideSolutionNode = FALSE
	EndGlobalSection
	GlobalSection(ExtensibilityGlobals) = postSolution
		SolutionGuid = {368686B0-3A9B-4C94-86D4-50C99CA47D88}
	EndGlobalSection
EndGlobal
